
Microsoft Visual Studio Solution File, Format Version 12.00
# Visual Studio 14
VisualStudioVersion = 14.0.24720.0
MinimumVisualStudioVersion = 10.0.40219.1
Project("{FAE04EC0-301F-11D3-BF4B-00C04F79EFBC}") = "7-2_SimpleCalculator", "6-1_SimpleCalculator\7-2_SimpleCalculator.csproj", "{8E48A8F1-7563-4BD9-AD0C-1614AAC11031}"
EndProject
Global
	GlobalSection(SolutionConfigurationPlatforms) = preSolution
		Debug|Any CPU = Debug|Any CPU
		Release|Any CPU = Release|Any CPU
	EndGlobalSection
	GlobalSection(ProjectConfigurationPlatforms) = postSolution
		{8E48A8F1-7563-4BD9-AD0C-1614AAC11031}.Debug|Any CPU.ActiveCfg = Debug|Any CPU
		{8E48A8F1-7563-4BD9-AD0C-1614AAC11031}.Debug|Any CPU.Build.0 = Debug|Any CPU
		{8E48A8F1-7563-4BD9-AD0C-1614AAC11031}.Release|Any CPU.ActiveCfg = Release|Any CPU
		{8E48A8F1-7563-4BD9-AD0C-1614AAC11031}.Release|Any CPU.Build.0 = Release|Any CPU
	EndGlobalSection
	GlobalSection(SolutionProperties) = preSolution
		HideSolutionNode = FALSE
	EndGlobalSection
EndGlobal
